
Microsoft Visual Studio Solution File, Format Version 12.00
# Visual Studio 14
VisualStudioVersion = 14.0.23107.0
MinimumVisualStudioVersion = 10.0.40219.1
Project("{FAE04EC0-301F-11D3-BF4B-00C04F79EFBC}") = "2012", "2012\2012.csproj", "{32EDD82B-E32F-4011-8EAF-14CC71ADA7B8}"
EndProject
Project("{FAE04EC0-301F-11D3-BF4B-00C04F79EFBC}") = "1293", "1293\1293.csproj", "{491BD1F8-F9CE-46DD-80E9-42E316DB17BF}"
EndProject
Project("{FAE04EC0-301F-11D3-BF4B-00C04F79EFBC}") = "1000", "1000\1000.csproj", "{0DBC5A06-24C9-477F-A06D-8825B63CD9F5}"
EndProject
Project("{FAE04EC0-301F-11D3-BF4B-00C04F79EFBC}") = "1785", "1785\1785.csproj", "{87050B2A-84E7-4C11-AF82-8CB766B20D14}"
EndProject
Project("{FAE04EC0-301F-11D3-BF4B-00C04F79EFBC}") = "2001", "2001\2001.csproj", "{8B48A661-805E-4DFF-9011-B71BCB357FE5}"
EndProject
Project("{FAE04EC0-301F-11D3-BF4B-00C04F79EFBC}") = "1209", "1209\1209.csproj", "{E8D764FC-56A6-4129-B421-7CF3E9847EC1}"
EndProject
Project("{FAE04EC0-301F-11D3-BF4B-00C04F79EFBC}") = "1567", "1567\1567.csproj", "{36228015-4B18-4050-B456-E4EA97726902}"
EndProject
Project("{FAE04EC0-301F-11D3-BF4B-00C04F79EFBC}") = "2023", "2023\2023.csproj", "{5E02B2DF-2C4E-46AF-B49C-235E0E5B39F5}"
EndProject
Project("{FAE04EC0-301F-11D3-BF4B-00C04F79EFBC}") = "1319", "1319\1319.csproj", "{61E58367-3C0D-42B6-B81E-260A01B660A8}"
EndProject
Project("{FAE04EC0-301F-11D3-BF4B-00C04F79EFBC}") = "1581", "1581\1581.csproj", "{1C184C0D-9FCC-4C19-990F-A22437B66E1A}"
EndProject
Project("{FAE04EC0-301F-11D3-BF4B-00C04F79EFBC}") = "1263", "1263\1263.csproj", "{0F6D5F35-F9E6-4335-A002-BDB94A7F89F0}"
EndProject
Project("{FAE04EC0-301F-11D3-BF4B-00C04F79EFBC}") = "1607", "1607\1607.csproj", "{10490AB5-AC90-43AE-9D53-1DDEB4F1C95B}"
EndProject
Project("{FAE04EC0-301F-11D3-BF4B-00C04F79EFBC}") = "1585", "1585\1585.csproj", "{5294615C-5A52-496A-AFD4-D3BC421C7335}"
EndProject
Project("{FAE04EC0-301F-11D3-BF4B-00C04F79EFBC}") = "1225", "1225\1225.csproj", "{5337ACA8-6F0A-4CC6-A1B0-D61A31479A20}"
EndProject
Project("{FAE04EC0-301F-11D3-BF4B-00C04F79EFBC}") = "1020", "1020\1020.csproj", "{971BAD0F-8772-46D9-8E1B-362384CC7F4B}"
EndProject
Global
	GlobalSection(SolutionConfigurationPlatforms) = preSolution
		Debug|Any CPU = Debug|Any CPU
		Debug|x86 = Debug|x86
		Release|Any CPU = Release|Any CPU
		Release|x86 = Release|x86
	EndGlobalSection
	GlobalSection(ProjectConfigurationPlatforms) = postSolution
		{32EDD82B-E32F-4011-8EAF-14CC71ADA7B8}.Debug|Any CPU.ActiveCfg = Debug|Any CPU
		{32EDD82B-E32F-4011-8EAF-14CC71ADA7B8}.Debug|Any CPU.Build.0 = Debug|Any CPU
		{32EDD82B-E32F-4011-8EAF-14CC71ADA7B8}.Debug|x86.ActiveCfg = Debug|Any CPU
		{32EDD82B-E32F-4011-8EAF-14CC71ADA7B8}.Debug|x86.Build.0 = Debug|Any CPU
		{32EDD82B-E32F-4011-8EAF-14CC71ADA7B8}.Release|Any CPU.ActiveCfg = Release|Any CPU
		{32EDD82B-E32F-4011-8EAF-14CC71ADA7B8}.Release|Any CPU.Build.0 = Release|Any CPU
		{32EDD82B-E32F-4011-8EAF-14CC71ADA7B8}.Release|x86.ActiveCfg = Release|Any CPU
		{32EDD82B-E32F-4011-8EAF-14CC71ADA7B8}.Release|x86.Build.0 = Release|Any CPU
		{491BD1F8-F9CE-46DD-80E9-42E316DB17BF}.Debug|Any CPU.ActiveCfg = Debug|x86
		{491BD1F8-F9CE-46DD-80E9-42E316DB17BF}.Debug|x86.ActiveCfg = Debug|x86
		{491BD1F8-F9CE-46DD-80E9-42E316DB17BF}.Debug|x86.Build.0 = Debug|x86
		{491BD1F8-F9CE-46DD-80E9-42E316DB17BF}.Release|Any CPU.ActiveCfg = Release|x86
		{491BD1F8-F9CE-46DD-80E9-42E316DB17BF}.Release|x86.ActiveCfg = Release|x86
		{491BD1F8-F9CE-46DD-80E9-42E316DB17BF}.Release|x86.Build.0 = Release|x86
		{0DBC5A06-24C9-477F-A06D-8825B63CD9F5}.Debug|Any CPU.ActiveCfg = Debug|x86
		{0DBC5A06-24C9-477F-A06D-8825B63CD9F5}.Debug|x86.ActiveCfg = Debug|x86
		{0DBC5A06-24C9-477F-A06D-8825B63CD9F5}.Debug|x86.Build.0 = Debug|x86
		{0DBC5A06-24C9-477F-A06D-8825B63CD9F5}.Release|Any CPU.ActiveCfg = Release|x86
		{0DBC5A06-24C9-477F-A06D-8825B63CD9F5}.Release|x86.ActiveCfg = Release|x86
		{0DBC5A06-24C9-477F-A06D-8825B63CD9F5}.Release|x86.Build.0 = Release|x86
		{87050B2A-84E7-4C11-AF82-8CB766B20D14}.Debug|Any CPU.ActiveCfg = Debug|x86
		{87050B2A-84E7-4C11-AF82-8CB766B20D14}.Debug|x86.ActiveCfg = Debug|x86
		{87050B2A-84E7-4C11-AF82-8CB766B20D14}.Debug|x86.Build.0 = Debug|x86
		{87050B2A-84E7-4C11-AF82-8CB766B20D14}.Release|Any CPU.ActiveCfg = Release|x86
		{87050B2A-84E7-4C11-AF82-8CB766B20D14}.Release|x86.ActiveCfg = Release|x86
		{87050B2A-84E7-4C11-AF82-8CB766B20D14}.Release|x86.Build.0 = Release|x86
		{8B48A661-805E-4DFF-9011-B71BCB357FE5}.Debug|Any CPU.ActiveCfg = Debug|Any CPU
		{8B48A661-805E-4DFF-9011-B71BCB357FE5}.Debug|Any CPU.Build.0 = Debug|Any CPU
		{8B48A661-805E-4DFF-9011-B71BCB357FE5}.Debug|x86.ActiveCfg = Debug|Any CPU
		{8B48A661-805E-4DFF-9011-B71BCB357FE5}.Debug|x86.Build.0 = Debug|Any CPU
		{8B48A661-805E-4DFF-9011-B71BCB357FE5}.Release|Any CPU.ActiveCfg = Release|Any CPU
		{8B48A661-805E-4DFF-9011-B71BCB357FE5}.Release|Any CPU.Build.0 = Release|Any CPU
		{8B48A661-805E-4DFF-9011-B71BCB357FE5}.Release|x86.ActiveCfg = Release|Any CPU
		{8B48A661-805E-4DFF-9011-B71BCB357FE5}.Release|x86.Build.0 = Release|Any CPU
		{E8D764FC-56A6-4129-B421-7CF3E9847EC1}.Debug|Any CPU.ActiveCfg = Debug|Any CPU
		{E8D764FC-56A6-4129-B421-7CF3E9847EC1}.Debug|Any CPU.Build.0 = Debug|Any CPU
		{E8D764FC-56A6-4129-B421-7CF3E9847EC1}.Debug|x86.ActiveCfg = Debug|Any CPU
		{E8D764FC-56A6-4129-B421-7CF3E9847EC1}.Debug|x86.Build.0 = Debug|Any CPU
		{E8D764FC-56A6-4129-B421-7CF3E9847EC1}.Release|Any CPU.ActiveCfg = Release|Any CPU
		{E8D764FC-56A6-4129-B421-7CF3E9847EC1}.Release|Any CPU.Build.0 = Release|Any CPU
		{E8D764FC-56A6-4129-B421-7CF3E9847EC1}.Release|x86.ActiveCfg = Release|Any CPU
		{E8D764FC-56A6-4129-B421-7CF3E9847EC1}.Release|x86.Build.0 = Release|Any CPU
		{36228015-4B18-4050-B456-E4EA97726902}.Debug|Any CPU.ActiveCfg = Debug|Any CPU
		{36228015-4B18-4050-B456-E4EA97726902}.Debug|Any CPU.Build.0 = Debug|Any CPU
		{36228015-4B18-4050-B456-E4EA97726902}.Debug|x86.ActiveCfg = Debug|Any CPU
		{36228015-4B18-4050-B456-E4EA97726902}.Debug|x86.Build.0 = Debug|Any CPU
		{36228015-4B18-4050-B456-E4EA97726902}.Release|Any CPU.ActiveCfg = Release|Any CPU
		{36228015-4B18-4050-B456-E4EA97726902}.Release|Any CPU.Build.0 = Release|Any CPU
		{36228015-4B18-4050-B456-E4EA97726902}.Release|x86.ActiveCfg = Release|Any CPU
		{36228015-4B18-4050-B456-E4EA97726902}.Release|x86.Build.0 = Release|Any CPU
		{5E02B2DF-2C4E-46AF-B49C-235E0E5B39F5}.Debug|Any CPU.ActiveCfg = Debug|Any CPU
		{5E02B2DF-2C4E-46AF-B49C-235E0E5B39F5}.Debug|Any CPU.Build.0 = Debug|Any CPU
		{5E02B2DF-2C4E-46AF-B49C-235E0E5B39F5}.Debug|x86.ActiveCfg = Debug|Any CPU
		{5E02B2DF-2C4E-46AF-B49C-235E0E5B39F5}.Debug|x86.Build.0 = Debug|Any CPU
		{5E02B2DF-2C4E-46AF-B49C-235E0E5B39F5}.Release|Any CPU.ActiveCfg = Release|Any CPU
		{5E02B2DF-2C4E-46AF-B49C-235E0E5B39F5}.Release|Any CPU.Build.0 = Release|Any CPU
		{5E02B2DF-2C4E-46AF-B49C-235E0E5B39F5}.Release|x86.ActiveCfg = Release|Any CPU
		{5E02B2DF-2C4E-46AF-B49C-235E0E5B39F5}.Release|x86.Build.0 = Release|Any CPU
		{61E58367-3C0D-42B6-B81E-260A01B660A8}.Debug|Any CPU.ActiveCfg = Debug|Any CPU
		{61E58367-3C0D-42B6-B81E-260A01B660A8}.Debug|Any CPU.Build.0 = Debug|Any CPU
		{61E58367-3C0D-42B6-B81E-260A01B660A8}.Debug|x86.ActiveCfg = Debug|Any CPU
		{61E58367-3C0D-42B6-B81E-260A01B660A8}.Debug|x86.Build.0 = Debug|Any CPU
		{61E58367-3C0D-42B6-B81E-260A01B660A8}.Release|Any CPU.ActiveCfg = Release|Any CPU
		{61E58367-3C0D-42B6-B81E-260A01B660A8}.Release|Any CPU.Build.0 = Release|Any CPU
		{61E58367-3C0D-42B6-B81E-260A01B660A8}.Release|x86.ActiveCfg = Release|Any CPU
		{61E58367-3C0D-42B6-B81E-260A01B660A8}.Release|x86.Build.0 = Release|Any CPU
		{1C184C0D-9FCC-4C19-990F-A22437B66E1A}.Debug|Any CPU.ActiveCfg = Debug|Any CPU
		{1C184C0D-9FCC-4C19-990F-A22437B66E1A}.Debug|Any CPU.Build.0 = Debug|Any CPU
		{1C184C0D-9FCC-4C19-990F-A22437B66E1A}.Debug|x86.ActiveCfg = Debug|Any CPU
		{1C184C0D-9FCC-4C19-990F-A22437B66E1A}.Debug|x86.Build.0 = Debug|Any CPU
		{1C184C0D-9FCC-4C19-990F-A22437B66E1A}.Release|Any CPU.ActiveCfg = Release|Any CPU
		{1C184C0D-9FCC-4C19-990F-A22437B66E1A}.Release|Any CPU.Build.0 = Release|Any CPU
		{1C184C0D-9FCC-4C19-990F-A22437B66E1A}.Release|x86.ActiveCfg = Release|Any CPU
		{1C184C0D-9FCC-4C19-990F-A22437B66E1A}.Release|x86.Build.0 = Release|Any CPU
		{0F6D5F35-F9E6-4335-A002-BDB94A7F89F0}.Debug|Any CPU.ActiveCfg = Debug|Any CPU
		{0F6D5F35-F9E6-4335-A002-BDB94A7F89F0}.Debug|Any CPU.Build.0 = Debug|Any CPU
		{0F6D5F35-F9E6-4335-A002-BDB94A7F89F0}.Debug|x86.ActiveCfg = Debug|Any CPU
		{0F6D5F35-F9E6-4335-A002-BDB94A7F89F0}.Debug|x86.Build.0 = Debug|Any CPU
		{0F6D5F35-F9E6-4335-A002-BDB94A7F89F0}.Release|Any CPU.ActiveCfg = Release|Any CPU
		{0F6D5F35-F9E6-4335-A002-BDB94A7F89F0}.Release|Any CPU.Build.0 = Release|Any CPU
		{0F6D5F35-F9E6-4335-A002-BDB94A7F89F0}.Release|x86.ActiveCfg = Release|Any CPU
		{0F6D5F35-F9E6-4335-A002-BDB94A7F89F0}.Release|x86.Build.0 = Release|Any CPU
		{10490AB5-AC90-43AE-9D53-1DDEB4F1C95B}.Debug|Any CPU.ActiveCfg = Debug|Any CPU
		{10490AB5-AC90-43AE-9D53-1DDEB4F1C95B}.Debug|Any CPU.Build.0 = Debug|Any CPU
		{10490AB5-AC90-43AE-9D53-1DDEB4F1C95B}.Debug|x86.ActiveCfg = Debug|Any CPU
		{10490AB5-AC90-43AE-9D53-1DDEB4F1C95B}.Debug|x86.Build.0 = Debug|Any CPU
		{10490AB5-AC90-43AE-9D53-1DDEB4F1C95B}.Release|Any CPU.ActiveCfg = Release|Any CPU
		{10490AB5-AC90-43AE-9D53-1DDEB4F1C95B}.Release|Any CPU.Build.0 = Release|Any CPU
		{10490AB5-AC90-43AE-9D53-1DDEB4F1C95B}.Release|x86.ActiveCfg = Release|Any CPU
		{10490AB5-AC90-43AE-9D53-1DDEB4F1C95B}.Release|x86.Build.0 = Release|Any CPU
		{5294615C-5A52-496A-AFD4-D3BC421C7335}.Debug|Any CPU.ActiveCfg = Debug|Any CPU
		{5294615C-5A52-496A-AFD4-D3BC421C7335}.Debug|Any CPU.Build.0 = Debug|Any CPU
		{5294615C-5A52-496A-AFD4-D3BC421C7335}.Debug|x86.ActiveCfg = Debug|Any CPU
		{5294615C-5A52-496A-AFD4-D3BC421C7335}.Debug|x86.Build.0 = Debug|Any CPU
		{5294615C-5A52-496A-AFD4-D3BC421C7335}.Release|Any CPU.ActiveCfg = Release|Any CPU
		{5294615C-5A52-496A-AFD4-D3BC421C7335}.Release|Any CPU.Build.0 = Release|Any CPU
		{5294615C-5A52-496A-AFD4-D3BC421C7335}.Release|x86.ActiveCfg = Release|Any CPU
		{5294615C-5A52-496A-AFD4-D3BC421C7335}.Release|x86.Build.0 = Release|Any CPU
		{5337ACA8-6F0A-4CC6-A1B0-D61A31479A20}.Debug|Any CPU.ActiveCfg = Debug|Any CPU
		{5337ACA8-6F0A-4CC6-A1B0-D61A31479A20}.Debug|Any CPU.Build.0 = Debug|Any CPU
		{5337ACA8-6F0A-4CC6-A1B0-D61A31479A20}.Debug|x86.ActiveCfg = Debug|Any CPU
		{5337ACA8-6F0A-4CC6-A1B0-D61A31479A20}.Debug|x86.Build.0 = Debug|Any CPU
		{5337ACA8-6F0A-4CC6-A1B0-D61A31479A20}.Release|Any CPU.ActiveCfg = Release|Any CPU
		{5337ACA8-6F0A-4CC6-A1B0-D61A31479A20}.Release|Any CPU.Build.0 = Release|Any CPU
		{5337ACA8-6F0A-4CC6-A1B0-D61A31479A20}.Release|x86.ActiveCfg = Release|Any CPU
		{5337ACA8-6F0A-4CC6-A1B0-D61A31479A20}.Release|x86.Build.0 = Release|Any CPU
		{971BAD0F-8772-46D9-8E1B-362384CC7F4B}.Debug|Any CPU.ActiveCfg = Debug|Any CPU
		{971BAD0F-8772-46D9-8E1B-362384CC7F4B}.Debug|Any CPU.Build.0 = Debug|Any CPU
		{971BAD0F-8772-46D9-8E1B-362384CC7F4B}.Debug|x86.ActiveCfg = Debug|Any CPU
		{971BAD0F-8772-46D9-8E1B-362384CC7F4B}.Debug|x86.Build.0 = Debug|Any CPU
		{971BAD0F-8772-46D9-8E1B-362384CC7F4B}.Release|Any CPU.ActiveCfg = Release|Any CPU
		{971BAD0F-8772-46D9-8E1B-362384CC7F4B}.Release|Any CPU.Build.0 = Release|Any CPU
		{971BAD0F-8772-46D9-8E1B-362384CC7F4B}.Release|x86.ActiveCfg = Release|Any CPU
		{971BAD0F-8772-46D9-8E1B-362384CC7F4B}.Release|x86.Build.0 = Release|Any CPU
	EndGlobalSection
	GlobalSection(SolutionProperties) = preSolution
		HideSolutionNode = FALSE
	EndGlobalSection
EndGlobal
